
Microsoft Visual Studio Solution File, Format Version 12.00
# Visual Studio Version 17
VisualStudioVersion = 17.3.32901.215
MinimumVisualStudioVersion = 10.0.40219.1
Project("{FAE04EC0-301F-11D3-BF4B-00C04F79EFBC}") = "BoletoBradescoF", "BoletoBradescoF\BoletoBradescoF.csproj", "{CA8991B8-02CC-4916-ADC1-68B467765ADE}"
EndProject
Global
	GlobalSection(SolutionConfigurationPlatforms) = preSolution
		Debug|Any CPU = Debug|Any CPU
		Release|Any CPU = Release|Any CPU
	EndGlobalSection
	GlobalSection(ProjectConfigurationPlatforms) = postSolution
		{CA8991B8-02CC-4916-ADC1-68B467765ADE}.Debug|Any CPU.ActiveCfg = Debug|Any CPU
		{CA8991B8-02CC-4916-ADC1-68B467765ADE}.Debug|Any CPU.Build.0 = Debug|Any CPU
		{CA8991B8-02CC-4916-ADC1-68B467765ADE}.Release|Any CPU.ActiveCfg = Release|Any CPU
		{CA8991B8-02CC-4916-ADC1-68B467765ADE}.Release|Any CPU.Build.0 = Release|Any CPU
	EndGlobalSection
	GlobalSection(SolutionProperties) = preSolution
		HideSolutionNode = FALSE
	EndGlobalSection
	GlobalSection(ExtensibilityGlobals) = postSolution
		SolutionGuid = {FD5C33E6-68EF-4CAF-91B2-A6B23FA702AE}
	EndGlobalSection
EndGlobal
